
Microsoft Visual Studio Solution File, Format Version 11.00
# Visual Studio 2010
Project("{FAE04EC0-301F-11D3-BF4B-00C04F79EFBC}") = "Shubha RT", "Shubha RT.csproj", "{308412FF-F047-4778-AAC6-6ECE2517B329}"
EndProject
Global
	GlobalSection(TestCaseManagementSettings) = postSolution
		CategoryFile = Shubha RT.vsmdi
	EndGlobalSection
	GlobalSection(SolutionConfigurationPlatforms) = preSolution
		Debug|Any CPU = Debug|Any CPU
		Release|Any CPU = Release|Any CPU
	EndGlobalSection
	GlobalSection(ProjectConfigurationPlatforms) = postSolution
		{308412FF-F047-4778-AAC6-6ECE2517B329}.Debug|Any CPU.ActiveCfg = Debug|Any CPU
		{308412FF-F047-4778-AAC6-6ECE2517B329}.Debug|Any CPU.Build.0 = Debug|Any CPU
		{308412FF-F047-4778-AAC6-6ECE2517B329}.Release|Any CPU.ActiveCfg = Release|Any CPU
		{308412FF-F047-4778-AAC6-6ECE2517B329}.Release|Any CPU.Build.0 = Release|Any CPU
	EndGlobalSection
	GlobalSection(SolutionProperties) = preSolution
		HideSolutionNode = FALSE
	EndGlobalSection
EndGlobal
